
Microsoft Visual Studio Solution File, Format Version 12.00
# Visual Studio Version 17
VisualStudioVersion = 17.9.34714.143
MinimumVisualStudioVersion = 10.0.40219.1
Project("{FAE04EC0-301F-11D3-BF4B-00C04F79EFBC}") = "RevitAPITrainingaWallпараметра2024", "RevitAPITrainingaWallпараметра2024\RevitAPITrainingaWallпараметра2024.csproj", "{CC766A53-0497-4E03-96DB-2DA5FBA2ABFC}"
EndProject
Global
	GlobalSection(SolutionConfigurationPlatforms) = preSolution
		Debug|Any CPU = Debug|Any CPU
		Release|Any CPU = Release|Any CPU
	EndGlobalSection
	GlobalSection(ProjectConfigurationPlatforms) = postSolution
		{CC766A53-0497-4E03-96DB-2DA5FBA2ABFC}.Debug|Any CPU.ActiveCfg = Debug|Any CPU
		{CC766A53-0497-4E03-96DB-2DA5FBA2ABFC}.Debug|Any CPU.Build.0 = Debug|Any CPU
		{CC766A53-0497-4E03-96DB-2DA5FBA2ABFC}.Release|Any CPU.ActiveCfg = Release|Any CPU
		{CC766A53-0497-4E03-96DB-2DA5FBA2ABFC}.Release|Any CPU.Build.0 = Release|Any CPU
	EndGlobalSection
	GlobalSection(SolutionProperties) = preSolution
		HideSolutionNode = FALSE
	EndGlobalSection
	GlobalSection(ExtensibilityGlobals) = postSolution
		SolutionGuid = {359EC91B-CD84-498F-B715-9C22EE191548}
	EndGlobalSection
EndGlobal
